{
  "version": 4,
  "terraform_version": "1.2.2",
  "serial": 57,
  "lineage": "ac25ed0e-4dd7-6d6a-c27b-5b676b73c132",
  "outputs": {
    "external_ip_address_vm_1": {
      "value": "51.250.95.206",
      "type": "string"
    },
    "internal_ip_address_vm_1": {
      "value": "192.168.10.28",
      "type": "string"
    }
  },
  "resources": [
    {
      "mode": "managed",
      "type": "yandex_compute_instance",
      "name": "vm-1",
      "provider": "provider[\"registry.terraform.io/yandex-cloud/yandex\"]",
      "instances": [
        {
          "schema_version": 1,
          "attributes": {
            "allow_recreate": null,
            "allow_stopping_for_update": null,
            "boot_disk": [
              {
                "auto_delete": true,
                "device_name": "fhm1mdfoos93ffl7022v",
                "disk_id": "fhm1mdfoos93ffl7022v",
                "initialize_params": [
                  {
                    "block_size": 4096,
                    "description": "",
                    "image_id": "fd8huthm018j2kafdk4p",
                    "name": "",
                    "size": 3,
                    "snapshot_id": "",
                    "type": "network-hdd"
                  }
                ],
                "mode": "READ_WRITE"
              }
            ],
            "created_at": "2022-06-13T20:40:41Z",
            "description": "",
            "folder_id": "b1gd0kpm2q4hvjkg5cop",
            "fqdn": "fhmrs0ts3g8m86lsrkt3.auto.internal",
            "hostname": "fhmrs0ts3g8m86lsrkt3",
            "id": "fhmrs0ts3g8m86lsrkt3",
            "labels": null,
            "metadata": {
              "user-data": "#cloud-config\nusers:\n  - name: lidiya\n    groups: sudo\n    shell: /bin/bash\n    sudo: ['ALL=(ALL) NOPASSWD:ALL']\n    ssh_authorized_keys:\n      - ssh-rsa AAAAB3NzaC1yc2EAAAADAQABAAABAQCiTLz2LfofgEPeSbOfhvg/616W6nVKQTri1X25ct1Tcd7PWce2cQibB9vX9qK+l6uVq2CxvGHEzLM/pN5NOVjvhjkZoh0aG3D61IyO9HE1/dn0K+xVFn1yDLEn5heX2xPhYK/DT7Nda5vYEd7eTAkIU4EBj8tuiXTR0VJDL11FV0OtrtM3DZ7A/GIAzgaB+MFJ7Qdatmvcea3CwjvC6WBo4rxWP5X7Audx1BpZPk7LmvKw3j1w8oN8kT9Rput6pODk7b/sb9T5l6yxBWT4btvCl0yMM8PNllKVNMhnPPKxug7KeixllnBivi5FbYCFPhO+YmYvtBK4bmkbTRtfjVF3 MacBook-Air-Lidiya@lidiya\n"
            },
            "name": "terraform1",
            "network_acceleration_type": "standard",
            "network_interface": [
              {
                "dns_record": [],
                "index": 0,
                "ip_address": "192.168.10.28",
                "ipv4": true,
                "ipv6": false,
                "ipv6_address": "",
                "ipv6_dns_record": [],
                "mac_address": "d0:0d:1b:e0:3b:c1",
                "nat": true,
                "nat_dns_record": [],
                "nat_ip_address": "51.250.95.206",
                "nat_ip_version": "IPV4",
                "security_group_ids": [],
                "subnet_id": "e9bqo5fku3vd3f3vpvu9"
              }
            ],
            "placement_policy": [
              {
                "host_affinity_rules": [],
                "placement_group_id": ""
              }
            ],
            "platform_id": "standard-v1",
            "resources": [
              {
                "core_fraction": 100,
                "cores": 2,
                "gpus": 0,
                "memory": 2
              }
            ],
            "scheduling_policy": [
              {
                "preemptible": false
              }
            ],
            "secondary_disk": [],
            "service_account_id": "",
            "status": "running",
            "timeouts": null,
            "zone": "ru-central1-a"
          },
          "sensitive_attributes": [],
          "private": "eyJlMmJmYjczMC1lY2FhLTExZTYtOGY4OC0zNDM2M2JjN2M0YzAiOnsiY3JlYXRlIjozMDAwMDAwMDAwMDAsImRlbGV0ZSI6MzAwMDAwMDAwMDAwLCJ1cGRhdGUiOjMwMDAwMDAwMDAwMH0sInNjaGVtYV92ZXJzaW9uIjoiMSJ9",
          "dependencies": [
            "yandex_vpc_network.network-1",
            "yandex_vpc_subnet.subnet-1"
          ]
        }
      ]
    },
    {
      "mode": "managed",
      "type": "yandex_vpc_network",
      "name": "network-1",
      "provider": "provider[\"registry.terraform.io/yandex-cloud/yandex\"]",
      "instances": [
        {
          "schema_version": 0,
          "attributes": {
            "created_at": "2022-06-13T20:40:37Z",
            "default_security_group_id": "",
            "description": "",
            "folder_id": "b1gd0kpm2q4hvjkg5cop",
            "id": "enpi0g42895354lnj2o8",
            "labels": {},
            "name": "network1",
            "subnet_ids": [],
            "timeouts": null
          },
          "sensitive_attributes": [],
          "private": "eyJlMmJmYjczMC1lY2FhLTExZTYtOGY4OC0zNDM2M2JjN2M0YzAiOnsiY3JlYXRlIjo2MDAwMDAwMDAwMCwiZGVsZXRlIjo2MDAwMDAwMDAwMCwidXBkYXRlIjo2MDAwMDAwMDAwMH19"
        }
      ]
    },
    {
      "mode": "managed",
      "type": "yandex_vpc_subnet",
      "name": "subnet-1",
      "provider": "provider[\"registry.terraform.io/yandex-cloud/yandex\"]",
      "instances": [
        {
          "schema_version": 0,
          "attributes": {
            "created_at": "2022-06-13T20:40:39Z",
            "description": "",
            "dhcp_options": [],
            "folder_id": "b1gd0kpm2q4hvjkg5cop",
            "id": "e9bqo5fku3vd3f3vpvu9",
            "labels": {},
            "name": "subnet1",
            "network_id": "enpi0g42895354lnj2o8",
            "route_table_id": "",
            "timeouts": null,
            "v4_cidr_blocks": [
              "192.168.10.0/24"
            ],
            "v6_cidr_blocks": [],
            "zone": "ru-central1-a"
          },
          "sensitive_attributes": [],
          "private": "eyJlMmJmYjczMC1lY2FhLTExZTYtOGY4OC0zNDM2M2JjN2M0YzAiOnsiY3JlYXRlIjoxODAwMDAwMDAwMDAsImRlbGV0ZSI6MTgwMDAwMDAwMDAwLCJ1cGRhdGUiOjE4MDAwMDAwMDAwMH19",
          "dependencies": [
            "yandex_vpc_network.network-1"
          ]
        }
      ]
    }
  ]
}
